
Microsoft Visual Studio Solution File, Format Version 12.00
# Visual Studio Version 16
VisualStudioVersion = 16.0.30907.101
MinimumVisualStudioVersion = 10.0.40219.1
Project("{FAE04EC0-301F-11D3-BF4B-00C04F79EFBC}") = "Calculator", "Calculator\Calculator.csproj", "{B554EA14-8E55-4CD1-ABDB-E048E778AE9D}"
EndProject
Global
	GlobalSection(SolutionConfigurationPlatforms) = preSolution
		Debug|Any CPU = Debug|Any CPU
		Release|Any CPU = Release|Any CPU
	EndGlobalSection
	GlobalSection(ProjectConfigurationPlatforms) = postSolution
		{B554EA14-8E55-4CD1-ABDB-E048E778AE9D}.Debug|Any CPU.ActiveCfg = Debug|Any CPU
		{B554EA14-8E55-4CD1-ABDB-E048E778AE9D}.Debug|Any CPU.Build.0 = Debug|Any CPU
		{B554EA14-8E55-4CD1-ABDB-E048E778AE9D}.Release|Any CPU.ActiveCfg = Release|Any CPU
		{B554EA14-8E55-4CD1-ABDB-E048E778AE9D}.Release|Any CPU.Build.0 = Release|Any CPU
	EndGlobalSection
	GlobalSection(SolutionProperties) = preSolution
		HideSolutionNode = FALSE
	EndGlobalSection
	GlobalSection(ExtensibilityGlobals) = postSolution
		SolutionGuid = {03FEAE33-4646-4637-B7F3-F92D8474851E}
	EndGlobalSection
EndGlobal
